// !$*UTF8*$!
{
	archiveVersion = 1;
	classes = {
	};
	objectVersion = 48;
	objects = {

/* Begin PBXBuildFile section */
		F201ED06204C5C3400B3BAC5 /* TeamMO+Extension.swift in Sources */ = {isa = PBXBuildFile; fileRef = F201ED05204C5C3400B3BAC5 /* TeamMO+Extension.swift */; };
		F201ED08204C76FA00B3BAC5 /* PlayerMO+Extension.swift in Sources */ = {isa = PBXBuildFile; fileRef = F201ED07204C76FA00B3BAC5 /* PlayerMO+Extension.swift */; };
		F201ED0A204C803600B3BAC5 /* PlayerStatMO+Extension.swift in Sources */ = {isa = PBXBuildFile; fileRef = F201ED09204C803600B3BAC5 /* PlayerStatMO+Extension.swift */; };
		F201ED0C204C833A00B3BAC5 /* BattingStatsMO+Extension.swift in Sources */ = {isa = PBXBuildFile; fileRef = F201ED0B204C833A00B3BAC5 /* BattingStatsMO+Extension.swift */; };
		F201ED0E204C857100B3BAC5 /* PitchingStatMO+Extension.swift in Sources */ = {isa = PBXBuildFile; fileRef = F201ED0D204C857100B3BAC5 /* PitchingStatMO+Extension.swift */; };
		F233F4C02048F31D008AD38E /* Player.swift in Sources */ = {isa = PBXBuildFile; fileRef = F233F4BF2048F31D008AD38E /* Player.swift */; };
		F264E531204902E30032ABDE /* BattingStats.swift in Sources */ = {isa = PBXBuildFile; fileRef = F264E530204902E30032ABDE /* BattingStats.swift */; };
		F26ADD44204A7FDA009B33CF /* Team.swift in Sources */ = {isa = PBXBuildFile; fileRef = F26ADD43204A7FDA009B33CF /* Team.swift */; };
		F26ADD47204A80E3009B33CF /* TeamRetrievalUtility.swift in Sources */ = {isa = PBXBuildFile; fileRef = F26ADD46204A80E3009B33CF /* TeamRetrievalUtility.swift */; };
		F26ADD49204B7782009B33CF /* TeamViewController.swift in Sources */ = {isa = PBXBuildFile; fileRef = F26ADD48204B7782009B33CF /* TeamViewController.swift */; };
		F26ADD4C204B883F009B33CF /* CommonAlerts.swift in Sources */ = {isa = PBXBuildFile; fileRef = F26ADD4B204B883F009B33CF /* CommonAlerts.swift */; };
		F26ADD4E204BA01A009B33CF /* NumberFormatters.swift in Sources */ = {isa = PBXBuildFile; fileRef = F26ADD4D204BA01A009B33CF /* NumberFormatters.swift */; };
		F26ADD50204BA93F009B33CF /* TeamTestCases.swift in Sources */ = {isa = PBXBuildFile; fileRef = F26ADD4F204BA93F009B33CF /* TeamTestCases.swift */; };
		F26ADD52204BADBE009B33CF /* PlayerTestCases.swift in Sources */ = {isa = PBXBuildFile; fileRef = F26ADD51204BADBE009B33CF /* PlayerTestCases.swift */; };
		F26ADD56204BBE30009B33CF /* BaseballStats.xcdatamodeld in Sources */ = {isa = PBXBuildFile; fileRef = F26ADD54204BBE30009B33CF /* BaseballStats.xcdatamodeld */; };
		F26ADD59204BBFF3009B33CF /* CoreDataController.swift in Sources */ = {isa = PBXBuildFile; fileRef = F26ADD58204BBFF3009B33CF /* CoreDataController.swift */; };
		F272293D204A1B9F00597B37 /* PlayerStatsViewController.swift in Sources */ = {isa = PBXBuildFile; fileRef = F272293C204A1B9F00597B37 /* PlayerStatsViewController.swift */; };
		F2E2EB5C2048DA2D00DA213A /* AppDelegate.swift in Sources */ = {isa = PBXBuildFile; fileRef = F2E2EB5B2048DA2D00DA213A /* AppDelegate.swift */; };
		F2E2EB5E2048DA2D00DA213A /* PlayerSearchViewController.swift in Sources */ = {isa = PBXBuildFile; fileRef = F2E2EB5D2048DA2D00DA213A /* PlayerSearchViewController.swift */; };
		F2E2EB602048DA2D00DA213A /* TeamListViewController.swift in Sources */ = {isa = PBXBuildFile; fileRef = F2E2EB5F2048DA2D00DA213A /* TeamListViewController.swift */; };
		F2E2EB632048DA2D00DA213A /* Main.storyboard in Resources */ = {isa = PBXBuildFile; fileRef = F2E2EB612048DA2D00DA213A /* Main.storyboard */; };
		F2E2EB652048DA2D00DA213A /* Assets.xcassets in Resources */ = {isa = PBXBuildFile; fileRef = F2E2EB642048DA2D00DA213A /* Assets.xcassets */; };
		F2E2EB682048DA2D00DA213A /* LaunchScreen.storyboard in Resources */ = {isa = PBXBuildFile; fileRef = F2E2EB662048DA2D00DA213A /* LaunchScreen.storyboard */; };
		F2E2EB812048E1EE00DA213A /* PlayerRetrievalUtility.swift in Sources */ = {isa = PBXBuildFile; fileRef = F2E2EB802048E1EE00DA213A /* PlayerRetrievalUtility.swift */; };
		F2FA65F1204A62F7001C93EB /* PitchingStats.swift in Sources */ = {isa = PBXBuildFile; fileRef = F2FA65F0204A62F7001C93EB /* PitchingStats.swift */; };
		F2FA65F3204A6366001C93EB /* PlayerStat.swift in Sources */ = {isa = PBXBuildFile; fileRef = F2FA65F2204A6366001C93EB /* PlayerStat.swift */; };
/* End PBXBuildFile section */

/* Begin PBXContainerItemProxy section */
		F2E2EB6F2048DA2D00DA213A /* PBXContainerItemProxy */ = {
			isa = PBXContainerItemProxy;
			containerPortal = F2E2EB502048DA2D00DA213A /* Project object */;
			proxyType = 1;
			remoteGlobalIDString = F2E2EB572048DA2D00DA213A;
			remoteInfo = BaseballStats;
		};
/* End PBXContainerItemProxy section */

/* Begin PBXFileReference section */
		F201ED05204C5C3400B3BAC5 /* TeamMO+Extension.swift */ = {isa = PBXFileReference; lastKnownFileType = sourcecode.swift; path = "TeamMO+Extension.swift"; sourceTree = "<group>"; };
		F201ED07204C76FA00B3BAC5 /* PlayerMO+Extension.swift */ = {isa = PBXFileReference; lastKnownFileType = sourcecode.swift; path = "PlayerMO+Extension.swift"; sourceTree = "<group>"; };
		F201ED09204C803600B3BAC5 /* PlayerStatMO+Extension.swift */ = {isa = PBXFileReference; lastKnownFileType = sourcecode.swift; path = "PlayerStatMO+Extension.swift"; sourceTree = "<group>"; };
		F201ED0B204C833A00B3BAC5 /* BattingStatsMO+Extension.swift */ = {isa = PBXFileReference; lastKnownFileType = sourcecode.swift; path = "BattingStatsMO+Extension.swift"; sourceTree = "<group>"; };
		F201ED0D204C857100B3BAC5 /* PitchingStatMO+Extension.swift */ = {isa = PBXFileReference; lastKnownFileType = sourcecode.swift; path = "PitchingStatMO+Extension.swift"; sourceTree = "<group>"; };
		F233F4BF2048F31D008AD38E /* Player.swift */ = {isa = PBXFileReference; fileEncoding = 4; lastKnownFileType = sourcecode.swift; path = Player.swift; sourceTree = "<group>"; };
		F264E530204902E30032ABDE /* BattingStats.swift */ = {isa = PBXFileReference; lastKnownFileType = sourcecode.swift; path = BattingStats.swift; sourceTree = "<group>"; };
		F26ADD43204A7FDA009B33CF /* Team.swift */ = {isa = PBXFileReference; lastKnownFileType = sourcecode.swift; path = Team.swift; sourceTree = "<group>"; };
		F26ADD46204A80E3009B33CF /* TeamRetrievalUtility.swift */ = {isa = PBXFileReference; lastKnownFileType = sourcecode.swift; path = TeamRetrievalUtility.swift; sourceTree = "<group>"; };
		F26ADD48204B7782009B33CF /* TeamViewController.swift */ = {isa = PBXFileReference; lastKnownFileType = sourcecode.swift; path = TeamViewController.swift; sourceTree = "<group>"; };
		F26ADD4B204B883F009B33CF /* CommonAlerts.swift */ = {isa = PBXFileReference; lastKnownFileType = sourcecode.swift; path = CommonAlerts.swift; sourceTree = "<group>"; };
		F26ADD4D204BA01A009B33CF /* NumberFormatters.swift */ = {isa = PBXFileReference; lastKnownFileType = sourcecode.swift; path = NumberFormatters.swift; sourceTree = "<group>"; };
		F26ADD4F204BA93F009B33CF /* TeamTestCases.swift */ = {isa = PBXFileReference; lastKnownFileType = sourcecode.swift; path = TeamTestCases.swift; sourceTree = "<group>"; };
		F26ADD51204BADBE009B33CF /* PlayerTestCases.swift */ = {isa = PBXFileReference; lastKnownFileType = sourcecode.swift; path = PlayerTestCases.swift; sourceTree = "<group>"; };
		F26ADD55204BBE30009B33CF /* BaseballStats.xcdatamodel */ = {isa = PBXFileReference; lastKnownFileType = wrapper.xcdatamodel; path = BaseballStats.xcdatamodel; sourceTree = "<group>"; };
		F26ADD58204BBFF3009B33CF /* CoreDataController.swift */ = {isa = PBXFileReference; lastKnownFileType = sourcecode.swift; path = CoreDataController.swift; sourceTree = "<group>"; };
		F272293C204A1B9F00597B37 /* PlayerStatsViewController.swift */ = {isa = PBXFileReference; lastKnownFileType = sourcecode.swift; path = PlayerStatsViewController.swift; sourceTree = "<group>"; };
		F2E2EB582048DA2D00DA213A /* BaseballStats.app */ = {isa = PBXFileReference; explicitFileType = wrapper.application; includeInIndex = 0; path = BaseballStats.app; sourceTree = BUILT_PRODUCTS_DIR; };
		F2E2EB5B2048DA2D00DA213A /* AppDelegate.swift */ = {isa = PBXFileReference; lastKnownFileType = sourcecode.swift; path = AppDelegate.swift; sourceTree = "<group>"; };
		F2E2EB5D2048DA2D00DA213A /* PlayerSearchViewController.swift */ = {isa = PBXFileReference; lastKnownFileType = sourcecode.swift; path = PlayerSearchViewController.swift; sourceTree = "<group>"; };
		F2E2EB5F2048DA2D00DA213A /* TeamListViewController.swift */ = {isa = PBXFileReference; lastKnownFileType = sourcecode.swift; path = TeamListViewController.swift; sourceTree = "<group>"; };
		F2E2EB622048DA2D00DA213A /* Base */ = {isa = PBXFileReference; lastKnownFileType = file.storyboard; name = Base; path = Base.lproj/Main.storyboard; sourceTree = "<group>"; };
		F2E2EB642048DA2D00DA213A /* Assets.xcassets */ = {isa = PBXFileReference; lastKnownFileType = folder.assetcatalog; path = Assets.xcassets; sourceTree = "<group>"; };
		F2E2EB672048DA2D00DA213A /* Base */ = {isa = PBXFileReference; lastKnownFileType = file.storyboard; name = Base; path = Base.lproj/LaunchScreen.storyboard; sourceTree = "<group>"; };
		F2E2EB692048DA2D00DA213A /* Info.plist */ = {isa = PBXFileReference; lastKnownFileType = text.plist.xml; path = Info.plist; sourceTree = "<group>"; };
		F2E2EB6E2048DA2D00DA213A /* BaseballStatsTests.xctest */ = {isa = PBXFileReference; explicitFileType = wrapper.cfbundle; includeInIndex = 0; path = BaseballStatsTests.xctest; sourceTree = BUILT_PRODUCTS_DIR; };
		F2E2EB742048DA2D00DA213A /* Info.plist */ = {isa = PBXFileReference; lastKnownFileType = text.plist.xml; path = Info.plist; sourceTree = "<group>"; };
		F2E2EB802048E1EE00DA213A /* PlayerRetrievalUtility.swift */ = {isa = PBXFileReference; lastKnownFileType = sourcecode.swift; path = PlayerRetrievalUtility.swift; sourceTree = "<group>"; };
		F2FA65F0204A62F7001C93EB /* PitchingStats.swift */ = {isa = PBXFileReference; lastKnownFileType = sourcecode.swift; path = PitchingStats.swift; sourceTree = "<group>"; };
		F2FA65F2204A6366001C93EB /* PlayerStat.swift */ = {isa = PBXFileReference; lastKnownFileType = sourcecode.swift; path = PlayerStat.swift; sourceTree = "<group>"; };
/* End PBXFileReference section */

/* Begin PBXFrameworksBuildPhase section */
		F2E2EB552048DA2D00DA213A /* Frameworks */ = {
			isa = PBXFrameworksBuildPhase;
			buildActionMask = 2147483647;
			files = (
			);
			runOnlyForDeploymentPostprocessing = 0;
		};
		F2E2EB6B2048DA2D00DA213A /* Frameworks */ = {
			isa = PBXFrameworksBuildPhase;
			buildActionMask = 2147483647;
			files = (
			);
			runOnlyForDeploymentPostprocessing = 0;
		};
/* End PBXFrameworksBuildPhase section */

/* Begin PBXGroup section */
		F233F4BE2048F31D008AD38E /* Objects */ = {
			isa = PBXGroup;
			children = (
				F26ADD57204BBFD7009B33CF /* CoreData */,
				F233F4BF2048F31D008AD38E /* Player.swift */,
				F264E530204902E30032ABDE /* BattingStats.swift */,
				F2FA65F0204A62F7001C93EB /* PitchingStats.swift */,
				F2FA65F2204A6366001C93EB /* PlayerStat.swift */,
				F26ADD43204A7FDA009B33CF /* Team.swift */,
			);
			path = Objects;
			sourceTree = "<group>";
		};
		F26ADD45204A80C6009B33CF /* WebUtilities */ = {
			isa = PBXGroup;
			children = (
				F2E2EB802048E1EE00DA213A /* PlayerRetrievalUtility.swift */,
				F26ADD46204A80E3009B33CF /* TeamRetrievalUtility.swift */,
			);
			path = WebUtilities;
			sourceTree = "<group>";
		};
		F26ADD4A204B8818009B33CF /* Utility Files */ = {
			isa = PBXGroup;
			children = (
				F26ADD4B204B883F009B33CF /* CommonAlerts.swift */,
				F26ADD4D204BA01A009B33CF /* NumberFormatters.swift */,
			);
			path = "Utility Files";
			sourceTree = "<group>";
		};
		F26ADD53204BBE0E009B33CF /* Supporting Files */ = {
			isa = PBXGroup;
			children = (
				F26ADD54204BBE30009B33CF /* BaseballStats.xcdatamodeld */,
			);
			path = "Supporting Files";
			sourceTree = "<group>";
		};
		F26ADD57204BBFD7009B33CF /* CoreData */ = {
			isa = PBXGroup;
			children = (
				F26ADD58204BBFF3009B33CF /* CoreDataController.swift */,
				F201ED05204C5C3400B3BAC5 /* TeamMO+Extension.swift */,
				F201ED07204C76FA00B3BAC5 /* PlayerMO+Extension.swift */,
				F201ED09204C803600B3BAC5 /* PlayerStatMO+Extension.swift */,
				F201ED0B204C833A00B3BAC5 /* BattingStatsMO+Extension.swift */,
				F201ED0D204C857100B3BAC5 /* PitchingStatMO+Extension.swift */,
			);
			path = CoreData;
			sourceTree = "<group>";
		};
		F272293B204A1B7C00597B37 /* View Controllers */ = {
			isa = PBXGroup;
			children = (
				F2E2EB5D2048DA2D00DA213A /* PlayerSearchViewController.swift */,
				F2E2EB5F2048DA2D00DA213A /* TeamListViewController.swift */,
				F272293C204A1B9F00597B37 /* PlayerStatsViewController.swift */,
				F26ADD48204B7782009B33CF /* TeamViewController.swift */,
			);
			path = "View Controllers";
			sourceTree = "<group>";
		};
		F2E2EB4F2048DA2D00DA213A = {
			isa = PBXGroup;
			children = (
				F2E2EB5A2048DA2D00DA213A /* BaseballStats */,
				F2E2EB712048DA2D00DA213A /* BaseballStatsTests */,
				F2E2EB592048DA2D00DA213A /* Products */,
			);
			sourceTree = "<group>";
		};
		F2E2EB592048DA2D00DA213A /* Products */ = {
			isa = PBXGroup;
			children = (
				F2E2EB582048DA2D00DA213A /* BaseballStats.app */,
				F2E2EB6E2048DA2D00DA213A /* BaseballStatsTests.xctest */,
			);
			name = Products;
			sourceTree = "<group>";
		};
		F2E2EB5A2048DA2D00DA213A /* BaseballStats */ = {
			isa = PBXGroup;
			children = (
				F26ADD53204BBE0E009B33CF /* Supporting Files */,
				F26ADD4A204B8818009B33CF /* Utility Files */,
				F26ADD45204A80C6009B33CF /* WebUtilities */,
				F272293B204A1B7C00597B37 /* View Controllers */,
				F233F4BE2048F31D008AD38E /* Objects */,
				F2E2EB5B2048DA2D00DA213A /* AppDelegate.swift */,
				F2E2EB612048DA2D00DA213A /* Main.storyboard */,
				F2E2EB642048DA2D00DA213A /* Assets.xcassets */,
				F2E2EB662048DA2D00DA213A /* LaunchScreen.storyboard */,
				F2E2EB692048DA2D00DA213A /* Info.plist */,
			);
			path = BaseballStats;
			sourceTree = "<group>";
		};
		F2E2EB712048DA2D00DA213A /* BaseballStatsTests */ = {
			isa = PBXGroup;
			children = (
				F2E2EB742048DA2D00DA213A /* Info.plist */,
				F26ADD4F204BA93F009B33CF /* TeamTestCases.swift */,
				F26ADD51204BADBE009B33CF /* PlayerTestCases.swift */,
			);
			path = BaseballStatsTests;
			sourceTree = "<group>";
		};
/* End PBXGroup section */

/* Begin PBXNativeTarget section */
		F2E2EB572048DA2D00DA213A /* BaseballStats */ = {
			isa = PBXNativeTarget;
			buildConfigurationList = F2E2EB772048DA2D00DA213A /* Build configuration list for PBXNativeTarget "BaseballStats" */;
			buildPhases = (
				F2E2EB542048DA2D00DA213A /* Sources */,
				F2E2EB552048DA2D00DA213A /* Frameworks */,
				F2E2EB562048DA2D00DA213A /* Resources */,
			);
			buildRules = (
			);
			dependencies = (
			);
			name = BaseballStats;
			productName = BaseballStats;
			productReference = F2E2EB582048DA2D00DA213A /* BaseballStats.app */;
			productType = "com.apple.product-type.application";
		};
		F2E2EB6D2048DA2D00DA213A /* BaseballStatsTests */ = {
			isa = PBXNativeTarget;
			buildConfigurationList = F2E2EB7A2048DA2D00DA213A /* Build configuration list for PBXNativeTarget "BaseballStatsTests" */;
			buildPhases = (
				F2E2EB6A2048DA2D00DA213A /* Sources */,
				F2E2EB6B2048DA2D00DA213A /* Frameworks */,
				F2E2EB6C2048DA2D00DA213A /* Resources */,
			);
			buildRules = (
			);
			dependencies = (
				F2E2EB702048DA2D00DA213A /* PBXTargetDependency */,
			);
			name = BaseballStatsTests;
			productName = BaseballStatsTests;
			productReference = F2E2EB6E2048DA2D00DA213A /* BaseballStatsTests.xctest */;
			productType = "com.apple.product-type.bundle.unit-test";
		};
/* End PBXNativeTarget section */

/* Begin PBXProject section */
		F2E2EB502048DA2D00DA213A /* Project object */ = {
			isa = PBXProject;
			attributes = {
				LastSwiftUpdateCheck = 0920;
				LastUpgradeCheck = 0920;
				ORGANIZATIONNAME = "Rakibul Islam";
				TargetAttributes = {
					F2E2EB572048DA2D00DA213A = {
						CreatedOnToolsVersion = 9.2;
						ProvisioningStyle = Automatic;
					};
					F2E2EB6D2048DA2D00DA213A = {
						CreatedOnToolsVersion = 9.2;
						ProvisioningStyle = Automatic;
						TestTargetID = F2E2EB572048DA2D00DA213A;
					};
				};
			};
			buildConfigurationList = F2E2EB532048DA2D00DA213A /* Build configuration list for PBXProject "BaseballStats" */;
			compatibilityVersion = "Xcode 8.0";
			developmentRegion = en;
			hasScannedForEncodings = 0;
			knownRegions = (
				en,
				Base,
			);
			mainGroup = F2E2EB4F2048DA2D00DA213A;
			productRefGroup = F2E2EB592048DA2D00DA213A /* Products */;
			projectDirPath = "";
			projectRoot = "";
			targets = (
				F2E2EB572048DA2D00DA213A /* BaseballStats */,
				F2E2EB6D2048DA2D00DA213A /* BaseballStatsTests */,
			);
		};
/* End PBXProject section */

/* Begin PBXResourcesBuildPhase section */
		F2E2EB562048DA2D00DA213A /* Resources */ = {
			isa = PBXResourcesBuildPhase;
			buildActionMask = 2147483647;
			files = (
				F2E2EB682048DA2D00DA213A /* LaunchScreen.storyboard in Resources */,
				F2E2EB652048DA2D00DA213A /* Assets.xcassets in Resources */,
				F2E2EB632048DA2D00DA213A /* Main.storyboard in Resources */,
			);
			runOnlyForDeploymentPostprocessing = 0;
		};
		F2E2EB6C2048DA2D00DA213A /* Resources */ = {
			isa = PBXResourcesBuildPhase;
			buildActionMask = 2147483647;
			files = (
			);
			runOnlyForDeploymentPostprocessing = 0;
		};
/* End PBXResourcesBuildPhase section */

/* Begin PBXSourcesBuildPhase section */
		F2E2EB542048DA2D00DA213A /* Sources */ = {
			isa = PBXSourcesBuildPhase;
			buildActionMask = 2147483647;
			files = (
				F272293D204A1B9F00597B37 /* PlayerStatsViewController.swift in Sources */,
				F26ADD49204B7782009B33CF /* TeamViewController.swift in Sources */,
				F26ADD56204BBE30009B33CF /* BaseballStats.xcdatamodeld in Sources */,
				F201ED06204C5C3400B3BAC5 /* TeamMO+Extension.swift in Sources */,
				F2E2EB602048DA2D00DA213A /* TeamListViewController.swift in Sources */,
				F2FA65F3204A6366001C93EB /* PlayerStat.swift in Sources */,
				F264E531204902E30032ABDE /* BattingStats.swift in Sources */,
				F26ADD4E204BA01A009B33CF /* NumberFormatters.swift in Sources */,
				F2FA65F1204A62F7001C93EB /* PitchingStats.swift in Sources */,
				F201ED0C204C833A00B3BAC5 /* BattingStatsMO+Extension.swift in Sources */,
				F2E2EB5C2048DA2D00DA213A /* AppDelegate.swift in Sources */,
				F2E2EB812048E1EE00DA213A /* PlayerRetrievalUtility.swift in Sources */,
				F26ADD59204BBFF3009B33CF /* CoreDataController.swift in Sources */,
				F201ED08204C76FA00B3BAC5 /* PlayerMO+Extension.swift in Sources */,
				F26ADD47204A80E3009B33CF /* TeamRetrievalUtility.swift in Sources */,
				F201ED0A204C803600B3BAC5 /* PlayerStatMO+Extension.swift in Sources */,
				F233F4C02048F31D008AD38E /* Player.swift in Sources */,
				F201ED0E204C857100B3BAC5 /* PitchingStatMO+Extension.swift in Sources */,
				F26ADD4C204B883F009B33CF /* CommonAlerts.swift in Sources */,
				F26ADD44204A7FDA009B33CF /* Team.swift in Sources */,
				F2E2EB5E2048DA2D00DA213A /* PlayerSearchViewController.swift in Sources */,
			);
			runOnlyForDeploymentPostprocessing = 0;
		};
		F2E2EB6A2048DA2D00DA213A /* Sources */ = {
			isa = PBXSourcesBuildPhase;
			buildActionMask = 2147483647;
			files = (
				F26ADD52204BADBE009B33CF /* PlayerTestCases.swift in Sources */,
				F26ADD50204BA93F009B33CF /* TeamTestCases.swift in Sources */,
			);
			runOnlyForDeploymentPostprocessing = 0;
		};
/* End PBXSourcesBuildPhase section */

/* Begin PBXTargetDependency section */
		F2E2EB702048DA2D00DA213A /* PBXTargetDependency */ = {
			isa = PBXTargetDependency;
			target = F2E2EB572048DA2D00DA213A /* BaseballStats */;
			targetProxy = F2E2EB6F2048DA2D00DA213A /* PBXContainerItemProxy */;
		};
/* End PBXTargetDependency section */

/* Begin PBXVariantGroup section */
		F2E2EB612048DA2D00DA213A /* Main.storyboard */ = {
			isa = PBXVariantGroup;
			children = (
				F2E2EB622048DA2D00DA213A /* Base */,
			);
			name = Main.storyboard;
			sourceTree = "<group>";
		};
		F2E2EB662048DA2D00DA213A /* LaunchScreen.storyboard */ = {
			isa = PBXVariantGroup;
			children = (
				F2E2EB672048DA2D00DA213A /* Base */,
			);
			name = LaunchScreen.storyboard;
			sourceTree = "<group>";
		};
/* End PBXVariantGroup section */

/* Begin XCBuildConfiguration section */
		F2E2EB752048DA2D00DA213A /* Debug */ = {
			isa = XCBuildConfiguration;
			buildSettings = {
				ALWAYS_SEARCH_USER_PATHS = NO;
				CLANG_ANALYZER_NONNULL = YES;
				CLANG_ANALYZER_NUMBER_OBJECT_CONVERSION = YES_AGGRESSIVE;
				CLANG_CXX_LANGUAGE_STANDARD = "gnu++14";
				CLANG_CXX_LIBRARY = "libc++";
				CLANG_ENABLE_MODULES = YES;
				CLANG_ENABLE_OBJC_ARC = YES;
				CLANG_WARN_BLOCK_CAPTURE_AUTORELEASING = YES;
				CLANG_WARN_BOOL_CONVERSION = YES;
				CLANG_WARN_COMMA = YES;
				CLANG_WARN_CONSTANT_CONVERSION = YES;
				CLANG_WARN_DIRECT_OBJC_ISA_USAGE = YES_ERROR;
				CLANG_WARN_DOCUMENTATION_COMMENTS = YES;
				CLANG_WARN_EMPTY_BODY = YES;
				CLANG_WARN_ENUM_CONVERSION = YES;
				CLANG_WARN_INFINITE_RECURSION = YES;
				CLANG_WARN_INT_CONVERSION = YES;
				CLANG_WARN_NON_LITERAL_NULL_CONVERSION = YES;
				CLANG_WARN_OBJC_LITERAL_CONVERSION = YES;
				CLANG_WARN_OBJC_ROOT_CLASS = YES_ERROR;
				CLANG_WARN_RANGE_LOOP_ANALYSIS = YES;
				CLANG_WARN_STRICT_PROTOTYPES = YES;
				CLANG_WARN_SUSPICIOUS_MOVE = YES;
				CLANG_WARN_UNGUARDED_AVAILABILITY = YES_AGGRESSIVE;
				CLANG_WARN_UNREACHABLE_CODE = YES;
				CLANG_WARN__DUPLICATE_METHOD_MATCH = YES;
				CODE_SIGN_IDENTITY = "iPhone Developer";
				COPY_PHASE_STRIP = NO;
				DEBUG_INFORMATION_FORMAT = dwarf;
				ENABLE_STRICT_OBJC_MSGSEND = YES;
				ENABLE_TESTABILITY = YES;
				GCC_C_LANGUAGE_STANDARD = gnu11;
				GCC_DYNAMIC_NO_PIC = NO;
				GCC_NO_COMMON_BLOCKS = YES;
				GCC_OPTIMIZATION_LEVEL = 0;
				GCC_PREPROCESSOR_DEFINITIONS = (
					"DEBUG=1",
					"$(inherited)",
				);
				GCC_WARN_64_TO_32_BIT_CONVERSION = YES;
				GCC_WARN_ABOUT_RETURN_TYPE = YES_ERROR;
				GCC_WARN_UNDECLARED_SELECTOR = YES;
				GCC_WARN_UNINITIALIZED_AUTOS = YES_AGGRESSIVE;
				GCC_WARN_UNUSED_FUNCTION = YES;
				GCC_WARN_UNUSED_VARIABLE = YES;
				IPHONEOS_DEPLOYMENT_TARGET = 11.2;
				MTL_ENABLE_DEBUG_INFO = YES;
				ONLY_ACTIVE_ARCH = YES;
				SDKROOT = iphoneos;
				SWIFT_ACTIVE_COMPILATION_CONDITIONS = DEBUG;
				SWIFT_OPTIMIZATION_LEVEL = "-Onone";
			};
			name = Debug;
		};
		F2E2EB762048DA2D00DA213A /* Release */ = {
			isa = XCBuildConfiguration;
			buildSettings = {
				ALWAYS_SEARCH_USER_PATHS = NO;
				CLANG_ANALYZER_NONNULL = YES;
				CLANG_ANALYZER_NUMBER_OBJECT_CONVERSION = YES_AGGRESSIVE;
				CLANG_CXX_LANGUAGE_STANDARD = "gnu++14";
				CLANG_CXX_LIBRARY = "libc++";
				CLANG_ENABLE_MODULES = YES;
				CLANG_ENABLE_OBJC_ARC = YES;
				CLANG_WARN_BLOCK_CAPTURE_AUTORELEASING = YES;
				CLANG_WARN_BOOL_CONVERSION = YES;
				CLANG_WARN_COMMA = YES;
				CLANG_WARN_CONSTANT_CONVERSION = YES;
				CLANG_WARN_DIRECT_OBJC_ISA_USAGE = YES_ERROR;
				CLANG_WARN_DOCUMENTATION_COMMENTS = YES;
				CLANG_WARN_EMPTY_BODY = YES;
				CLANG_WARN_ENUM_CONVERSION = YES;
				CLANG_WARN_INFINITE_RECURSION = YES;
				CLANG_WARN_INT_CONVERSION = YES;
				CLANG_WARN_NON_LITERAL_NULL_CONVERSION = YES;
				CLANG_WARN_OBJC_LITERAL_CONVERSION = YES;
				CLANG_WARN_OBJC_ROOT_CLASS = YES_ERROR;
				CLANG_WARN_RANGE_LOOP_ANALYSIS = YES;
				CLANG_WARN_STRICT_PROTOTYPES = YES;
				CLANG_WARN_SUSPICIOUS_MOVE = YES;
				CLANG_WARN_UNGUARDED_AVAILABILITY = YES_AGGRESSIVE;
				CLANG_WARN_UNREACHABLE_CODE = YES;
				CLANG_WARN__DUPLICATE_METHOD_MATCH = YES;
				CODE_SIGN_IDENTITY = "iPhone Developer";
				COPY_PHASE_STRIP = NO;
				DEBUG_INFORMATION_FORMAT = "dwarf-with-dsym";
				ENABLE_NS_ASSERTIONS = NO;
				ENABLE_STRICT_OBJC_MSGSEND = YES;
				GCC_C_LANGUAGE_STANDARD = gnu11;
				GCC_NO_COMMON_BLOCKS = YES;
				GCC_WARN_64_TO_32_BIT_CONVERSION = YES;
				GCC_WARN_ABOUT_RETURN_TYPE = YES_ERROR;
				GCC_WARN_UNDECLARED_SELECTOR = YES;
				GCC_WARN_UNINITIALIZED_AUTOS = YES_AGGRESSIVE;
				GCC_WARN_UNUSED_FUNCTION = YES;
				GCC_WARN_UNUSED_VARIABLE = YES;
				IPHONEOS_DEPLOYMENT_TARGET = 11.2;
				MTL_ENABLE_DEBUG_INFO = NO;
				SDKROOT = iphoneos;
				SWIFT_OPTIMIZATION_LEVEL = "-Owholemodule";
				VALIDATE_PRODUCT = YES;
			};
			name = Release;
		};
		F2E2EB782048DA2D00DA213A /* Debug */ = {
			isa = XCBuildConfiguration;
			buildSettings = {
				ASSETCATALOG_COMPILER_APPICON_NAME = AppIcon;
				CODE_SIGN_STYLE = Automatic;
				DEVELOPMENT_TEAM = 7KH9Q8YAR4;
				INFOPLIST_FILE = BaseballStats/Info.plist;
				LD_RUNPATH_SEARCH_PATHS = "$(inherited) @executable_path/Frameworks";
				PRODUCT_BUNDLE_IDENTIFIER = com.rakibulislam.BaseballStats;
				PRODUCT_NAME = "$(TARGET_NAME)";
				SWIFT_VERSION = 4.0;
				TARGETED_DEVICE_FAMILY = "1,2";
			};
			name = Debug;
		};
		F2E2EB792048DA2D00DA213A /* Release */ = {
			isa = XCBuildConfiguration;
			buildSettings = {
				ASSETCATALOG_COMPILER_APPICON_NAME = AppIcon;
				CODE_SIGN_STYLE = Automatic;
				DEVELOPMENT_TEAM = 7KH9Q8YAR4;
				INFOPLIST_FILE = BaseballStats/Info.plist;
				LD_RUNPATH_SEARCH_PATHS = "$(inherited) @executable_path/Frameworks";
				PRODUCT_BUNDLE_IDENTIFIER = com.rakibulislam.BaseballStats;
				PRODUCT_NAME = "$(TARGET_NAME)";
				SWIFT_VERSION = 4.0;
				TARGETED_DEVICE_FAMILY = "1,2";
			};
			name = Release;
		};
		F2E2EB7B2048DA2D00DA213A /* Debug */ = {
			isa = XCBuildConfiguration;
			buildSettings = {
				ALWAYS_EMBED_SWIFT_STANDARD_LIBRARIES = YES;
				BUNDLE_LOADER = "$(TEST_HOST)";
				CODE_SIGN_STYLE = Automatic;
				DEVELOPMENT_TEAM = 7KH9Q8YAR4;
				INFOPLIST_FILE = BaseballStatsTests/Info.plist;
				LD_RUNPATH_SEARCH_PATHS = "$(inherited) @executable_path/Frameworks @loader_path/Frameworks";
				PRODUCT_BUNDLE_IDENTIFIER = com.rakibulislam.BaseballStatsTests;
				PRODUCT_NAME = "$(TARGET_NAME)";
				SWIFT_VERSION = 4.0;
				TARGETED_DEVICE_FAMILY = "1,2";
				TEST_HOST = "$(BUILT_PRODUCTS_DIR)/BaseballStats.app/BaseballStats";
			};
			name = Debug;
		};
		F2E2EB7C2048DA2D00DA213A /* Release */ = {
			isa = XCBuildConfiguration;
			buildSettings = {
				ALWAYS_EMBED_SWIFT_STANDARD_LIBRARIES = YES;
				BUNDLE_LOADER = "$(TEST_HOST)";
				CODE_SIGN_STYLE = Automatic;
				DEVELOPMENT_TEAM = 7KH9Q8YAR4;
				INFOPLIST_FILE = BaseballStatsTests/Info.plist;
				LD_RUNPATH_SEARCH_PATHS = "$(inherited) @executable_path/Frameworks @loader_path/Frameworks";
				PRODUCT_BUNDLE_IDENTIFIER = com.rakibulislam.BaseballStatsTests;
				PRODUCT_NAME = "$(TARGET_NAME)";
				SWIFT_VERSION = 4.0;
				TARGETED_DEVICE_FAMILY = "1,2";
				TEST_HOST = "$(BUILT_PRODUCTS_DIR)/BaseballStats.app/BaseballStats";
			};
			name = Release;
		};
/* End XCBuildConfiguration section */

/* Begin XCConfigurationList section */
		F2E2EB532048DA2D00DA213A /* Build configuration list for PBXProject "BaseballStats" */ = {
			isa = XCConfigurationList;
			buildConfigurations = (
				F2E2EB752048DA2D00DA213A /* Debug */,
				F2E2EB762048DA2D00DA213A /* Release */,
			);
			defaultConfigurationIsVisible = 0;
			defaultConfigurationName = Release;
		};
		F2E2EB772048DA2D00DA213A /* Build configuration list for PBXNativeTarget "BaseballStats" */ = {
			isa = XCConfigurationList;
			buildConfigurations = (
				F2E2EB782048DA2D00DA213A /* Debug */,
				F2E2EB792048DA2D00DA213A /* Release */,
			);
			defaultConfigurationIsVisible = 0;
			defaultConfigurationName = Release;
		};
		F2E2EB7A2048DA2D00DA213A /* Build configuration list for PBXNativeTarget "BaseballStatsTests" */ = {
			isa = XCConfigurationList;
			buildConfigurations = (
				F2E2EB7B2048DA2D00DA213A /* Debug */,
				F2E2EB7C2048DA2D00DA213A /* Release */,
			);
			defaultConfigurationIsVisible = 0;
			defaultConfigurationName = Release;
		};
/* End XCConfigurationList section */

/* Begin XCVersionGroup section */
		F26ADD54204BBE30009B33CF /* BaseballStats.xcdatamodeld */ = {
			isa = XCVersionGroup;
			children = (
				F26ADD55204BBE30009B33CF /* BaseballStats.xcdatamodel */,
			);
			currentVersion = F26ADD55204BBE30009B33CF /* BaseballStats.xcdatamodel */;
			path = BaseballStats.xcdatamodeld;
			sourceTree = "<group>";
			versionGroupType = wrapper.xcdatamodel;
		};
/* End XCVersionGroup section */
	};
	rootObject = F2E2EB502048DA2D00DA213A /* Project object */;
}
